
Microsoft Visual Studio Solution File, Format Version 12.00
# Visual Studio Version 16
VisualStudioVersion = 16.0.29613.14
MinimumVisualStudioVersion = 10.0.40219.1
Project("{FAE04EC0-301F-11D3-BF4B-00C04F79EFBC}") = "EnumeradorDinamico", "EnumeradorDinamico\EnumeradorDinamico.csproj", "{591C8838-6A43-4841-95D8-429B674DE466}"
EndProject
Project("{FAE04EC0-301F-11D3-BF4B-00C04F79EFBC}") = "EnumeradorDinamicoTest", "EnumeradorDinamicoTest\EnumeradorDinamicoTest.csproj", "{A3632A85-2EDB-4B39-81E6-2F885E634C4C}"
EndProject
Global
	GlobalSection(SolutionConfigurationPlatforms) = preSolution
		Debug|Any CPU = Debug|Any CPU
		Release|Any CPU = Release|Any CPU
	EndGlobalSection
	GlobalSection(ProjectConfigurationPlatforms) = postSolution
		{591C8838-6A43-4841-95D8-429B674DE466}.Debug|Any CPU.ActiveCfg = Debug|Any CPU
		{591C8838-6A43-4841-95D8-429B674DE466}.Debug|Any CPU.Build.0 = Debug|Any CPU
		{591C8838-6A43-4841-95D8-429B674DE466}.Release|Any CPU.ActiveCfg = Release|Any CPU
		{591C8838-6A43-4841-95D8-429B674DE466}.Release|Any CPU.Build.0 = Release|Any CPU
		{A3632A85-2EDB-4B39-81E6-2F885E634C4C}.Debug|Any CPU.ActiveCfg = Debug|Any CPU
		{A3632A85-2EDB-4B39-81E6-2F885E634C4C}.Debug|Any CPU.Build.0 = Debug|Any CPU
		{A3632A85-2EDB-4B39-81E6-2F885E634C4C}.Release|Any CPU.ActiveCfg = Release|Any CPU
		{A3632A85-2EDB-4B39-81E6-2F885E634C4C}.Release|Any CPU.Build.0 = Release|Any CPU
	EndGlobalSection
	GlobalSection(SolutionProperties) = preSolution
		HideSolutionNode = FALSE
	EndGlobalSection
	GlobalSection(ExtensibilityGlobals) = postSolution
		SolutionGuid = {CB002D2E-F0CF-4785-84F0-983D1AE198A8}
	EndGlobalSection
EndGlobal
